// !$*UTF8*$!
{
	archiveVersion = 1;
	classes = {
	};
	objectVersion = 56;
	objects = {

/* Begin PBXBuildFile section */
		TL001 /* TradeLensApp.swift in Sources */ = {isa = PBXBuildFile; fileRef = TL002 /* TradeLensApp.swift */; };
		TL003 /* ContentView.swift in Sources */ = {isa = PBXBuildFile; fileRef = TL004 /* ContentView.swift */; };
		TL005 /* Assets.xcassets in Resources */ = {isa = PBXBuildFile; fileRef = TL006 /* Assets.xcassets */; };
		TL007 /* Preview Assets.xcassets in Resources */ = {isa = PBXBuildFile; fileRef = TL008 /* Preview Assets.xcassets */; };
		TL009 /* Trade.swift in Sources */ = {isa = PBXBuildFile; fileRef = TL010 /* Trade.swift */; };
		TL011 /* TradeService.swift in Sources */ = {isa = PBXBuildFile; fileRef = TL012 /* TradeService.swift */; };
		TL013 /* TradeListViewModel.swift in Sources */ = {isa = PBXBuildFile; fileRef = TL014 /* TradeListViewModel.swift */; };
		TL015 /* CurrencyFormatter.swift in Sources */ = {isa = PBXBuildFile; fileRef = TL016 /* CurrencyFormatter.swift */; };
		TL200 /* AppError.swift in Sources */ = {isa = PBXBuildFile; fileRef = TL201 /* AppError.swift */; };
		TL100 /* UserSummary.swift in Sources */ = {isa = PBXBuildFile; fileRef = TL102 /* UserSummary.swift */; };
		TL101 /* TradeModelsTests.swift in Sources */ = {isa = PBXBuildFile; fileRef = TL104 /* TradeModelsTests.swift */; };
		TL202 /* ImportService.swift in Sources */ = {isa = PBXBuildFile; fileRef = TL206 /* ImportService.swift */; };
		TL203 /* SettingsViewModel.swift in Sources */ = {isa = PBXBuildFile; fileRef = TL207 /* SettingsViewModel.swift */; };
		TL204 /* SettingsView.swift in Sources */ = {isa = PBXBuildFile; fileRef = TL208 /* SettingsView.swift */; };
		TL205 /* MockTrades.csv in Resources */ = {isa = PBXBuildFile; fileRef = TL209 /* MockTrades.csv */; };
		TL300 /* DashboardView.swift in Sources */ = {isa = PBXBuildFile; fileRef = TL301 /* DashboardView.swift */; };
		TL302 /* TradeDetailView.swift in Sources */ = {isa = PBXBuildFile; fileRef = TL303 /* TradeDetailView.swift */; };
		TL304 /* TradeRowView.swift in Sources */ = {isa = PBXBuildFile; fileRef = TL305 /* TradeRowView.swift */; };
		TL306 /* InsightsView.swift in Sources */ = {isa = PBXBuildFile; fileRef = TL307 /* InsightsView.swift */; };
		TL308 /* AskView.swift in Sources */ = {isa = PBXBuildFile; fileRef = TL309 /* AskView.swift */; };
		TL310 /* DashboardViewModel.swift in Sources */ = {isa = PBXBuildFile; fileRef = TL311 /* DashboardViewModel.swift */; };
		TL312 /* InsightsViewModel.swift in Sources */ = {isa = PBXBuildFile; fileRef = TL313 /* InsightsViewModel.swift */; };
		TL314 /* TradeDetailViewModel.swift in Sources */ = {isa = PBXBuildFile; fileRef = TL315 /* TradeDetailViewModel.swift */; };
		TL316 /* AskViewModel.swift in Sources */ = {isa = PBXBuildFile; fileRef = TL317 /* AskViewModel.swift */; };
		TL318 /* AIServiceStub.swift in Sources */ = {isa = PBXBuildFile; fileRef = TL319 /* AIServiceStub.swift */; };
		TL320 /* InsightsService.swift in Sources */ = {isa = PBXBuildFile; fileRef = TL321 /* InsightsService.swift */; };
		TL322 /* MockTradeDataService.swift in Sources */ = {isa = PBXBuildFile; fileRef = TL323 /* MockTradeDataService.swift */; };
		TL324 /* TradeAnalyticsService.swift in Sources */ = {isa = PBXBuildFile; fileRef = TL325 /* TradeAnalyticsService.swift */; };
		TL400 /* HomeView.swift in Sources */ = {isa = PBXBuildFile; fileRef = TL401 /* HomeView.swift */; };
		TL402 /* HomeViewModel.swift in Sources */ = {isa = PBXBuildFile; fileRef = TL403 /* HomeViewModel.swift */; };
		TL404 /* AIResponse.swift in Sources */ = {isa = PBXBuildFile; fileRef = TL405 /* AIResponse.swift */; };
		TL406 /* PriceData.swift in Sources */ = {isa = PBXBuildFile; fileRef = TL407 /* PriceData.swift */; };
		TL408 /* MockPriceService.swift in Sources */ = {isa = PBXBuildFile; fileRef = TL409 /* MockPriceService.swift */; };
		TL410 /* TickerChartView.swift in Sources */ = {isa = PBXBuildFile; fileRef = TL411 /* TickerChartView.swift */; };
		TL412 /* TickerInfo.swift in Sources */ = {isa = PBXBuildFile; fileRef = TL413 /* TickerInfo.swift */; };
		TL414 /* TickerInfoService.swift in Sources */ = {isa = PBXBuildFile; fileRef = TL415 /* TickerInfoService.swift */; };
		TL416 /* TickerSnapshotCard.swift in Sources */ = {isa = PBXBuildFile; fileRef = TL417 /* TickerSnapshotCard.swift */; };
/* End PBXBuildFile section */

/* Begin PBXContainerItemProxy section */
		TL110 /* PBXContainerItemProxy */ = {
			isa = PBXContainerItemProxy;
			containerPortal = TL033 /* Project object */;
			proxyType = 1;
			remoteGlobalIDString = TL029 /* TradeLens */;
			remoteInfo = TradeLens;
		};
/* End PBXContainerItemProxy section */

/* Begin PBXFileReference section */
		TL017 /* TradeLens.app */ = {isa = PBXFileReference; explicitFileType = wrapper.application; includeInIndex = 0; path = TradeLens.app; sourceTree = BUILT_PRODUCTS_DIR; };
		TL002 /* TradeLensApp.swift */ = {isa = PBXFileReference; lastKnownFileType = sourcecode.swift; path = TradeLensApp.swift; sourceTree = "<group>"; };
		TL004 /* ContentView.swift */ = {isa = PBXFileReference; lastKnownFileType = sourcecode.swift; path = ContentView.swift; sourceTree = "<group>"; };
		TL006 /* Assets.xcassets */ = {isa = PBXFileReference; lastKnownFileType = folder.assetcatalog; path = Assets.xcassets; sourceTree = "<group>"; };
		TL008 /* Preview Assets.xcassets */ = {isa = PBXFileReference; lastKnownFileType = folder.assetcatalog; path = "Preview Assets.xcassets"; sourceTree = "<group>"; };
		TL010 /* Trade.swift */ = {isa = PBXFileReference; lastKnownFileType = sourcecode.swift; path = Trade.swift; sourceTree = "<group>"; };
		TL012 /* TradeService.swift */ = {isa = PBXFileReference; lastKnownFileType = sourcecode.swift; path = TradeService.swift; sourceTree = "<group>"; };
		TL014 /* TradeListViewModel.swift */ = {isa = PBXFileReference; lastKnownFileType = sourcecode.swift; path = TradeListViewModel.swift; sourceTree = "<group>"; };
		TL016 /* CurrencyFormatter.swift */ = {isa = PBXFileReference; lastKnownFileType = sourcecode.swift; path = CurrencyFormatter.swift; sourceTree = "<group>"; };
		TL201 /* AppError.swift */ = {isa = PBXFileReference; lastKnownFileType = sourcecode.swift; path = AppError.swift; sourceTree = "<group>"; };
		TL018 /* Info.plist */ = {isa = PBXFileReference; lastKnownFileType = text.plist.xml; path = Info.plist; sourceTree = "<group>"; };
		TL102 /* UserSummary.swift */ = {isa = PBXFileReference; lastKnownFileType = sourcecode.swift; path = UserSummary.swift; sourceTree = "<group>"; };
		TL103 /* TradeLensTests.xctest */ = {isa = PBXFileReference; explicitFileType = wrapper.cfbundle; includeInIndex = 0; path = TradeLensTests.xctest; sourceTree = BUILT_PRODUCTS_DIR; };
		TL104 /* TradeModelsTests.swift */ = {isa = PBXFileReference; lastKnownFileType = sourcecode.swift; path = TradeModelsTests.swift; sourceTree = "<group>"; };
		TL206 /* ImportService.swift */ = {isa = PBXFileReference; lastKnownFileType = sourcecode.swift; path = ImportService.swift; sourceTree = "<group>"; };
		TL207 /* SettingsViewModel.swift */ = {isa = PBXFileReference; lastKnownFileType = sourcecode.swift; path = SettingsViewModel.swift; sourceTree = "<group>"; };
		TL208 /* SettingsView.swift */ = {isa = PBXFileReference; lastKnownFileType = sourcecode.swift; path = SettingsView.swift; sourceTree = "<group>"; };
		TL209 /* MockTrades.csv */ = {isa = PBXFileReference; lastKnownFileType = text; path = MockTrades.csv; sourceTree = "<group>"; };
		TL301 /* DashboardView.swift */ = {isa = PBXFileReference; lastKnownFileType = sourcecode.swift; path = DashboardView.swift; sourceTree = "<group>"; };
		TL303 /* TradeDetailView.swift */ = {isa = PBXFileReference; lastKnownFileType = sourcecode.swift; path = TradeDetailView.swift; sourceTree = "<group>"; };
		TL305 /* TradeRowView.swift */ = {isa = PBXFileReference; lastKnownFileType = sourcecode.swift; path = TradeRowView.swift; sourceTree = "<group>"; };
		TL307 /* InsightsView.swift */ = {isa = PBXFileReference; lastKnownFileType = sourcecode.swift; path = InsightsView.swift; sourceTree = "<group>"; };
		TL309 /* AskView.swift */ = {isa = PBXFileReference; lastKnownFileType = sourcecode.swift; path = AskView.swift; sourceTree = "<group>"; };
		TL311 /* DashboardViewModel.swift */ = {isa = PBXFileReference; lastKnownFileType = sourcecode.swift; path = DashboardViewModel.swift; sourceTree = "<group>"; };
		TL313 /* InsightsViewModel.swift */ = {isa = PBXFileReference; lastKnownFileType = sourcecode.swift; path = InsightsViewModel.swift; sourceTree = "<group>"; };
		TL315 /* TradeDetailViewModel.swift */ = {isa = PBXFileReference; lastKnownFileType = sourcecode.swift; path = TradeDetailViewModel.swift; sourceTree = "<group>"; };
		TL317 /* AskViewModel.swift */ = {isa = PBXFileReference; lastKnownFileType = sourcecode.swift; path = AskViewModel.swift; sourceTree = "<group>"; };
		TL319 /* AIServiceStub.swift */ = {isa = PBXFileReference; lastKnownFileType = sourcecode.swift; path = AIServiceStub.swift; sourceTree = "<group>"; };
		TL321 /* InsightsService.swift */ = {isa = PBXFileReference; lastKnownFileType = sourcecode.swift; path = InsightsService.swift; sourceTree = "<group>"; };
		TL323 /* MockTradeDataService.swift */ = {isa = PBXFileReference; lastKnownFileType = sourcecode.swift; path = MockTradeDataService.swift; sourceTree = "<group>"; };
		TL325 /* TradeAnalyticsService.swift */ = {isa = PBXFileReference; lastKnownFileType = sourcecode.swift; path = TradeAnalyticsService.swift; sourceTree = "<group>"; };
		TL401 /* HomeView.swift */ = {isa = PBXFileReference; lastKnownFileType = sourcecode.swift; path = HomeView.swift; sourceTree = "<group>"; };
		TL403 /* HomeViewModel.swift */ = {isa = PBXFileReference; lastKnownFileType = sourcecode.swift; path = HomeViewModel.swift; sourceTree = "<group>"; };
		TL405 /* AIResponse.swift */ = {isa = PBXFileReference; lastKnownFileType = sourcecode.swift; path = AIResponse.swift; sourceTree = "<group>"; };
		TL407 /* PriceData.swift */ = {isa = PBXFileReference; lastKnownFileType = sourcecode.swift; path = PriceData.swift; sourceTree = "<group>"; };
		TL409 /* MockPriceService.swift */ = {isa = PBXFileReference; lastKnownFileType = sourcecode.swift; path = MockPriceService.swift; sourceTree = "<group>"; };
		TL411 /* TickerChartView.swift */ = {isa = PBXFileReference; lastKnownFileType = sourcecode.swift; path = TickerChartView.swift; sourceTree = "<group>"; };
		TL413 /* TickerInfo.swift */ = {isa = PBXFileReference; lastKnownFileType = sourcecode.swift; path = TickerInfo.swift; sourceTree = "<group>"; };
		TL415 /* TickerInfoService.swift */ = {isa = PBXFileReference; lastKnownFileType = sourcecode.swift; path = TickerInfoService.swift; sourceTree = "<group>"; };
		TL417 /* TickerSnapshotCard.swift */ = {isa = PBXFileReference; lastKnownFileType = sourcecode.swift; path = TickerSnapshotCard.swift; sourceTree = "<group>"; };
/* End PBXFileReference section */

/* Begin PBXFrameworksBuildPhase section */
		TL019 /* Frameworks */ = {
			isa = PBXFrameworksBuildPhase;
			buildActionMask = 2147483647;
			files = (
			);
			runOnlyForDeploymentPostprocessing = 0;
		};
		TL105 /* Frameworks */ = {
			isa = PBXFrameworksBuildPhase;
			buildActionMask = 2147483647;
			files = (
			);
			runOnlyForDeploymentPostprocessing = 0;
		};
/* End PBXFrameworksBuildPhase section */

/* Begin PBXGroup section */
		TL020 = {
			isa = PBXGroup;
			children = (
				TL021 /* TradeLens */,
				TL022 /* Products */,
				TL106 /* TradeLensTests */,
			);
			sourceTree = "<group>";
		};
		TL022 /* Products */ = {
			isa = PBXGroup;
			children = (
				TL017 /* TradeLens.app */,
				TL103 /* TradeLensTests.xctest */,
			);
			name = Products;
			sourceTree = "<group>";
		};
		TL021 /* TradeLens */ = {
			isa = PBXGroup;
			children = (
				TL002 /* TradeLensApp.swift */,
				TL018 /* Info.plist */,
				TL023 /* Models */,
				TL024 /* Services */,
				TL025 /* Views */,
				TL026 /* ViewModels */,
				TL027 /* Utilities */,
				TL210 /* Resources */,
				TL006 /* Assets.xcassets */,
				TL028 /* Preview Content */,
			);
			path = TradeLens;
			sourceTree = "<group>";
		};
		TL023 /* Models */ = {
			isa = PBXGroup;
			children = (
				TL010 /* Trade.swift */,
				TL102 /* UserSummary.swift */,
				TL405 /* AIResponse.swift */,
				TL407 /* PriceData.swift */,
				TL413 /* TickerInfo.swift */,
			);
			path = Models;
			sourceTree = "<group>";
		};
		TL024 /* Services */ = {
			isa = PBXGroup;
			children = (
				TL012 /* TradeService.swift */,
				TL206 /* ImportService.swift */,
				TL319 /* AIServiceStub.swift */,
				TL321 /* InsightsService.swift */,
				TL323 /* MockTradeDataService.swift */,
				TL325 /* TradeAnalyticsService.swift */,
				TL409 /* MockPriceService.swift */,
				TL415 /* TickerInfoService.swift */,
			);
			path = Services;
			sourceTree = "<group>";
		};
		TL025 /* Views */ = {
			isa = PBXGroup;
			children = (
				TL004 /* ContentView.swift */,
				TL401 /* HomeView.swift */,
				TL411 /* TickerChartView.swift */,
				TL417 /* TickerSnapshotCard.swift */,
				TL208 /* SettingsView.swift */,
				TL301 /* DashboardView.swift */,
				TL303 /* TradeDetailView.swift */,
				TL305 /* TradeRowView.swift */,
				TL307 /* InsightsView.swift */,
				TL309 /* AskView.swift */,
			);
			path = Views;
			sourceTree = "<group>";
		};
		TL026 /* ViewModels */ = {
			isa = PBXGroup;
			children = (
				TL014 /* TradeListViewModel.swift */,
				TL403 /* HomeViewModel.swift */,
				TL207 /* SettingsViewModel.swift */,
				TL311 /* DashboardViewModel.swift */,
				TL313 /* InsightsViewModel.swift */,
				TL315 /* TradeDetailViewModel.swift */,
				TL317 /* AskViewModel.swift */,
			);
			path = ViewModels;
			sourceTree = "<group>";
		};
		TL027 /* Utilities */ = {
			isa = PBXGroup;
			children = (
				TL016 /* CurrencyFormatter.swift */,
				TL201 /* AppError.swift */,
			);
			path = Utilities;
			sourceTree = "<group>";
		};
		TL028 /* Preview Content */ = {
			isa = PBXGroup;
			children = (
				TL008 /* Preview Assets.xcassets */,
			);
			path = "Preview Content";
			sourceTree = "<group>";
		};
		TL210 /* Resources */ = {
			isa = PBXGroup;
			children = (
				TL209 /* MockTrades.csv */,
			);
			path = Resources;
			sourceTree = "<group>";
		};
		TL106 /* TradeLensTests */ = {
			isa = PBXGroup;
			children = (
				TL104 /* TradeModelsTests.swift */,
			);
			path = TradeLensTests;
			sourceTree = "<group>";
		};
/* End PBXGroup section */

/* Begin PBXNativeTarget section */
		TL029 /* TradeLens */ = {
			isa = PBXNativeTarget;
			buildConfigurationList = TL030 /* Build configuration list for PBXNativeTarget "TradeLens" */;
			buildPhases = (
				TL031 /* Sources */,
				TL019 /* Frameworks */,
				TL032 /* Resources */,
			);
			buildRules = (
			);
			dependencies = (
			);
			name = TradeLens;
			productName = TradeLens;
			productReference = TL017 /* TradeLens.app */;
			productType = "com.apple.product-type.application";
		};
		TL107 /* TradeLensTests */ = {
			isa = PBXNativeTarget;
			buildConfigurationList = TL112 /* Build configuration list for PBXNativeTarget "TradeLensTests" */;
			buildPhases = (
				TL108 /* Sources */,
				TL105 /* Frameworks */,
				TL109 /* Resources */,
			);
			buildRules = (
			);
			dependencies = (
				TL111 /* PBXTargetDependency */,
			);
			name = TradeLensTests;
			productName = TradeLensTests;
			productReference = TL103 /* TradeLensTests.xctest */;
			productType = "com.apple.product-type.bundle.unit-test";
		};
/* End PBXNativeTarget section */

/* Begin PBXProject section */
		TL033 /* Project object */ = {
			isa = PBXProject;
			attributes = {
				BuildIndependentTargetsInParallel = 1;
				LastSwiftUpdateCheck = 1500;
				LastUpgradeCheck = 1500;
				TargetAttributes = {
					TL029 = {
						CreatedOnToolsVersion = 15.0;
					};
					TL107 = {
						CreatedOnToolsVersion = 15.0;
						TestTargetID = TL029;
					};
				};
			};
			buildConfigurationList = TL034 /* Build configuration list for PBXProject "TradeLens" */;
			compatibilityVersion = "Xcode 14.0";
			developmentRegion = en;
			hasScannedForEncodings = 0;
			knownRegions = (
				en,
				Base,
			);
			mainGroup = TL020;
			productRefGroup = TL022 /* Products */;
			projectDirPath = "";
			projectRoot = "";
			targets = (
				TL029 /* TradeLens */,
				TL107 /* TradeLensTests */,
			);
		};
/* End PBXProject section */

/* Begin PBXResourcesBuildPhase section */
		TL032 /* Resources */ = {
			isa = PBXResourcesBuildPhase;
			buildActionMask = 2147483647;
			files = (
				TL007 /* Preview Assets.xcassets in Resources */,
				TL005 /* Assets.xcassets in Resources */,
				TL205 /* MockTrades.csv in Resources */,
			);
			runOnlyForDeploymentPostprocessing = 0;
		};
		TL109 /* Resources */ = {
			isa = PBXResourcesBuildPhase;
			buildActionMask = 2147483647;
			files = (
			);
			runOnlyForDeploymentPostprocessing = 0;
		};
/* End PBXResourcesBuildPhase section */

/* Begin PBXSourcesBuildPhase section */
		TL031 /* Sources */ = {
			isa = PBXSourcesBuildPhase;
			buildActionMask = 2147483647;
			files = (
				TL003 /* ContentView.swift in Sources */,
				TL204 /* SettingsView.swift in Sources */,
				TL300 /* DashboardView.swift in Sources */,
				TL302 /* TradeDetailView.swift in Sources */,
				TL304 /* TradeRowView.swift in Sources */,
				TL306 /* InsightsView.swift in Sources */,
				TL308 /* AskView.swift in Sources */,
				TL009 /* Trade.swift in Sources */,
				TL011 /* TradeService.swift in Sources */,
				TL202 /* ImportService.swift in Sources */,
				TL318 /* AIServiceStub.swift in Sources */,
				TL320 /* InsightsService.swift in Sources */,
				TL322 /* MockTradeDataService.swift in Sources */,
				TL324 /* TradeAnalyticsService.swift in Sources */,
				TL013 /* TradeListViewModel.swift in Sources */,
				TL203 /* SettingsViewModel.swift in Sources */,
				TL310 /* DashboardViewModel.swift in Sources */,
				TL312 /* InsightsViewModel.swift in Sources */,
				TL314 /* TradeDetailViewModel.swift in Sources */,
				TL316 /* AskViewModel.swift in Sources */,
				TL015 /* CurrencyFormatter.swift in Sources */,
				TL200 /* AppError.swift in Sources */,
				TL001 /* TradeLensApp.swift in Sources */,
				TL100 /* UserSummary.swift in Sources */,
				TL400 /* HomeView.swift in Sources */,
				TL402 /* HomeViewModel.swift in Sources */,
				TL404 /* AIResponse.swift in Sources */,
				TL406 /* PriceData.swift in Sources */,
				TL408 /* MockPriceService.swift in Sources */,
				TL410 /* TickerChartView.swift in Sources */,
				TL412 /* TickerInfo.swift in Sources */,
				TL414 /* TickerInfoService.swift in Sources */,
				TL416 /* TickerSnapshotCard.swift in Sources */,
			);
			runOnlyForDeploymentPostprocessing = 0;
		};
		TL108 /* Sources */ = {
			isa = PBXSourcesBuildPhase;
			buildActionMask = 2147483647;
			files = (
				TL101 /* TradeModelsTests.swift in Sources */,
			);
			runOnlyForDeploymentPostprocessing = 0;
		};
/* End PBXSourcesBuildPhase section */

/* Begin PBXTargetDependency section */
		TL111 /* PBXTargetDependency */ = {
			isa = PBXTargetDependency;
			target = TL029 /* TradeLens */;
			targetProxy = TL110 /* PBXContainerItemProxy */;
		};
/* End PBXTargetDependency section */

/* Begin XCBuildConfiguration section */
		TL035 /* Debug */ = {
			isa = XCBuildConfiguration;
			buildSettings = {
				ALWAYS_SEARCH_USER_PATHS = NO;
				ASSETCATALOG_COMPILER_GENERATE_SWIFT_ASSET_SYMBOL_EXTENSIONS = YES;
				CLANG_ANALYZER_NONNULL = YES;
				CLANG_ANALYZER_NUMBER_OBJECT_CONVERSION = YES_AGGRESSIVE;
				CLANG_CXX_LANGUAGE_STANDARD = "gnu++20";
				CLANG_ENABLE_MODULES = YES;
				CLANG_ENABLE_OBJC_ARC = YES;
				CLANG_ENABLE_OBJC_WEAK = YES;
				CLANG_WARN_BLOCK_CAPTURE_AUTORELEASING = YES;
				CLANG_WARN_BOOL_CONVERSION = YES;
				CLANG_WARN_COMMA = YES;
				CLANG_WARN_CONSTANT_CONVERSION = YES;
				CLANG_WARN_DEPRECATED_OBJC_IMPLEMENTATIONS = YES;
				CLANG_WARN_DIRECT_OBJC_ISA_USAGE = YES_ERROR;
				CLANG_WARN_DOCUMENTATION_COMMENTS = YES;
				CLANG_WARN_EMPTY_BODY = YES;
				CLANG_WARN_ENUM_CONVERSION = YES;
				CLANG_WARN_INFINITE_RECURSION = YES;
				CLANG_WARN_INT_CONVERSION = YES;
				CLANG_WARN_NON_LITERAL_NULL_CONVERSION = YES;
				CLANG_WARN_OBJC_IMPLICIT_RETAIN_SELF = YES;
				CLANG_WARN_OBJC_LITERAL_CONVERSION = YES;
				CLANG_WARN_OBJC_ROOT_CLASS = YES_ERROR;
				CLANG_WARN_QUOTED_INCLUDE_IN_FRAMEWORK_HEADER = YES;
				CLANG_WARN_RANGE_LOOP_ANALYSIS = YES;
				CLANG_WARN_STRICT_PROTOTYPES = YES;
				CLANG_WARN_SUSPICIOUS_MOVE = YES;
				CLANG_WARN_UNGUARDED_AVAILABILITY = YES_AGGRESSIVE;
				CLANG_WARN_UNREACHABLE_CODE = YES;
				CLANG_WARN__DUPLICATE_METHOD_MATCH = YES;
				COPY_PHASE_STRIP = NO;
				DEBUG_INFORMATION_FORMAT = dwarf;
				ENABLE_STRICT_OBJC_MSGSEND = YES;
				ENABLE_TESTABILITY = YES;
				ENABLE_USER_SCRIPT_SANDBOXING = YES;
				GCC_C_LANGUAGE_STANDARD = gnu17;
				GCC_DYNAMIC_NO_PIC = NO;
				GCC_NO_COMMON_BLOCKS = YES;
				GCC_OPTIMIZATION_LEVEL = 0;
				GCC_PREPROCESSOR_DEFINITIONS = (
					"DEBUG=1",
					"$(inherited)",
				);
				GCC_WARN_64_TO_32_BIT_CONVERSION = YES;
				GCC_WARN_ABOUT_RETURN_TYPE = YES_ERROR;
				GCC_WARN_UNDECLARED_SELECTOR = YES;
				GCC_WARN_UNINITIALIZED_AUTOS = YES_AGGRESSIVE;
				GCC_WARN_UNUSED_FUNCTION = YES;
				GCC_WARN_UNUSED_VARIABLE = YES;
				IPHONEOS_DEPLOYMENT_TARGET = 26.0;
				LOCALIZATION_PREFERS_STRING_CATALOGS = YES;
				MTL_ENABLE_DEBUG_INFO = INCLUDE_SOURCE;
				MTL_FAST_MATH = YES;
				ONLY_ACTIVE_ARCH = YES;
				SDKROOT = iphoneos;
				SWIFT_ACTIVE_COMPILATION_CONDITIONS = "DEBUG $(inherited)";
				SWIFT_OPTIMIZATION_LEVEL = "-Onone";
				SWIFT_STRICT_CONCURRENCY = complete;
			};
			name = Debug;
		};
		TL036 /* Release */ = {
			isa = XCBuildConfiguration;
			buildSettings = {
				ALWAYS_SEARCH_USER_PATHS = NO;
				ASSETCATALOG_COMPILER_GENERATE_SWIFT_ASSET_SYMBOL_EXTENSIONS = YES;
				CLANG_ANALYZER_NONNULL = YES;
				CLANG_ANALYZER_NUMBER_OBJECT_CONVERSION = YES_AGGRESSIVE;
				CLANG_CXX_LANGUAGE_STANDARD = "gnu++20";
				CLANG_ENABLE_MODULES = YES;
				CLANG_ENABLE_OBJC_ARC = YES;
				CLANG_ENABLE_OBJC_WEAK = YES;
				CLANG_WARN_BLOCK_CAPTURE_AUTORELEASING = YES;
				CLANG_WARN_BOOL_CONVERSION = YES;
				CLANG_WARN_COMMA = YES;
				CLANG_WARN_CONSTANT_CONVERSION = YES;
				CLANG_WARN_DEPRECATED_OBJC_IMPLEMENTATIONS = YES;
				CLANG_WARN_DIRECT_OBJC_ISA_USAGE = YES_ERROR;
				CLANG_WARN_DOCUMENTATION_COMMENTS = YES;
				CLANG_WARN_EMPTY_BODY = YES;
				CLANG_WARN_ENUM_CONVERSION = YES;
				CLANG_WARN_INFINITE_RECURSION = YES;
				CLANG_WARN_INT_CONVERSION = YES;
				CLANG_WARN_NON_LITERAL_NULL_CONVERSION = YES;
				CLANG_WARN_OBJC_IMPLICIT_RETAIN_SELF = YES;
				CLANG_WARN_OBJC_LITERAL_CONVERSION = YES;
				CLANG_WARN_OBJC_ROOT_CLASS = YES_ERROR;
				CLANG_WARN_QUOTED_INCLUDE_IN_FRAMEWORK_HEADER = YES;
				CLANG_WARN_RANGE_LOOP_ANALYSIS = YES;
				CLANG_WARN_STRICT_PROTOTYPES = YES;
				CLANG_WARN_SUSPICIOUS_MOVE = YES;
				CLANG_WARN_UNGUARDED_AVAILABILITY = YES_AGGRESSIVE;
				CLANG_WARN_UNREACHABLE_CODE = YES;
				CLANG_WARN__DUPLICATE_METHOD_MATCH = YES;
				COPY_PHASE_STRIP = NO;
				DEBUG_INFORMATION_FORMAT = "dwarf-with-dsym";
				ENABLE_NS_ASSERTIONS = NO;
				ENABLE_STRICT_OBJC_MSGSEND = YES;
				ENABLE_USER_SCRIPT_SANDBOXING = YES;
				GCC_C_LANGUAGE_STANDARD = gnu17;
				GCC_NO_COMMON_BLOCKS = YES;
				GCC_WARN_64_TO_32_BIT_CONVERSION = YES;
				GCC_WARN_ABOUT_RETURN_TYPE = YES_ERROR;
				GCC_WARN_UNDECLARED_SELECTOR = YES;
				GCC_WARN_UNINITIALIZED_AUTOS = YES_AGGRESSIVE;
				GCC_WARN_UNUSED_FUNCTION = YES;
				GCC_WARN_UNUSED_VARIABLE = YES;
				IPHONEOS_DEPLOYMENT_TARGET = 26.0;
				LOCALIZATION_PREFERS_STRING_CATALOGS = YES;
				MTL_ENABLE_DEBUG_INFO = NO;
				MTL_FAST_MATH = YES;
				SDKROOT = iphoneos;
				SWIFT_COMPILATION_MODE = wholemodule;
				SWIFT_STRICT_CONCURRENCY = complete;
				VALIDATE_PRODUCT = YES;
			};
			name = Release;
		};
		TL037 /* Debug */ = {
			isa = XCBuildConfiguration;
			buildSettings = {
				ASSETCATALOG_COMPILER_APPICON_NAME = AppIcon;
				ASSETCATALOG_COMPILER_GLOBAL_ACCENT_COLOR_NAME = AccentColor;
				CODE_SIGN_STYLE = Automatic;
				CURRENT_PROJECT_VERSION = 1;
				DEVELOPMENT_ASSET_PATHS = "\"TradeLens/Preview Content\"";
				ENABLE_PREVIEWS = YES;
				GENERATE_INFOPLIST_FILE = NO;
				INFOPLIST_FILE = TradeLens/Info.plist;
				INFOPLIST_KEY_UIApplicationSceneManifest_Generation = YES;
				INFOPLIST_KEY_UIApplicationSupportsIndirectInputEvents = YES;
				INFOPLIST_KEY_UILaunchScreen_Generation = YES;
				INFOPLIST_KEY_UISupportedInterfaceOrientations = "UIInterfaceOrientationPortrait UIInterfaceOrientationLandscapeLeft UIInterfaceOrientationLandscapeRight";
				INFOPLIST_KEY_UISupportedInterfaceOrientations_iPad = "UIInterfaceOrientationPortrait UIInterfaceOrientationPortraitUpsideDown UIInterfaceOrientationLandscapeLeft UIInterfaceOrientationLandscapeRight";
				LD_RUNPATH_SEARCH_PATHS = (
					"$(inherited)",
					"@executable_path/Frameworks",
				);
				MARKETING_VERSION = 1.0;
				PRODUCT_BUNDLE_IDENTIFIER = com.tradelens.TradeLens;
				PRODUCT_NAME = "$(TARGET_NAME)";
				SWIFT_EMIT_LOC_STRINGS = YES;
				SWIFT_STRICT_CONCURRENCY = complete;
				SWIFT_VERSION = 5.0;
				TARGETED_DEVICE_FAMILY = "1,2";
			};
			name = Debug;
		};
		TL038 /* Release */ = {
			isa = XCBuildConfiguration;
			buildSettings = {
				ASSETCATALOG_COMPILER_APPICON_NAME = AppIcon;
				ASSETCATALOG_COMPILER_GLOBAL_ACCENT_COLOR_NAME = AccentColor;
				CODE_SIGN_STYLE = Automatic;
				CURRENT_PROJECT_VERSION = 1;
				DEVELOPMENT_ASSET_PATHS = "\"TradeLens/Preview Content\"";
				ENABLE_PREVIEWS = YES;
				GENERATE_INFOPLIST_FILE = NO;
				INFOPLIST_FILE = TradeLens/Info.plist;
				INFOPLIST_KEY_UIApplicationSceneManifest_Generation = YES;
				INFOPLIST_KEY_UIApplicationSupportsIndirectInputEvents = YES;
				INFOPLIST_KEY_UILaunchScreen_Generation = YES;
				INFOPLIST_KEY_UISupportedInterfaceOrientations = "UIInterfaceOrientationPortrait UIInterfaceOrientationLandscapeLeft UIInterfaceOrientationLandscapeRight";
				INFOPLIST_KEY_UISupportedInterfaceOrientations_iPad = "UIInterfaceOrientationPortrait UIInterfaceOrientationPortraitUpsideDown UIInterfaceOrientationLandscapeLeft UIInterfaceOrientationLandscapeRight";
				LD_RUNPATH_SEARCH_PATHS = (
					"$(inherited)",
					"@executable_path/Frameworks",
				);
				MARKETING_VERSION = 1.0;
				PRODUCT_BUNDLE_IDENTIFIER = com.tradelens.TradeLens;
				PRODUCT_NAME = "$(TARGET_NAME)";
				SWIFT_EMIT_LOC_STRINGS = YES;
				SWIFT_STRICT_CONCURRENCY = complete;
				SWIFT_VERSION = 5.0;
				TARGETED_DEVICE_FAMILY = "1,2";
			};
			name = Release;
		};
		TL113 /* Debug */ = {
			isa = XCBuildConfiguration;
			buildSettings = {
				BUNDLE_LOADER = "$(TEST_HOST)";
				CODE_SIGN_STYLE = Automatic;
				DEVELOPMENT_TEAM = "";
				GENERATE_INFOPLIST_FILE = YES;
				INFOPLIST_KEY_CFBundleDisplayName = TradeLensTests;
				INFOPLIST_KEY_NSHumanReadableCopyright = "";
				LD_RUNPATH_SEARCH_PATHS = (
					"$(inherited)",
					"@executable_path/Frameworks",
					"@loader_path/Frameworks",
				);
				PRODUCT_BUNDLE_IDENTIFIER = com.tradelens.TradeLensTests;
				PRODUCT_NAME = "$(TARGET_NAME)";
				SWIFT_ACTIVE_COMPILATION_CONDITIONS = "DEBUG $(inherited)";
				SWIFT_STRICT_CONCURRENCY = complete;
				SWIFT_VERSION = 5.0;
				TARGETED_DEVICE_FAMILY = "1,2";
				TEST_HOST = "$(BUILT_PRODUCTS_DIR)/TradeLens.app/TradeLens";
			};
			name = Debug;
		};
		TL114 /* Release */ = {
			isa = XCBuildConfiguration;
			buildSettings = {
				BUNDLE_LOADER = "$(TEST_HOST)";
				CODE_SIGN_STYLE = Automatic;
				DEVELOPMENT_TEAM = "";
				GENERATE_INFOPLIST_FILE = YES;
				INFOPLIST_KEY_CFBundleDisplayName = TradeLensTests;
				INFOPLIST_KEY_NSHumanReadableCopyright = "";
				LD_RUNPATH_SEARCH_PATHS = (
					"$(inherited)",
					"@executable_path/Frameworks",
					"@loader_path/Frameworks",
				);
				PRODUCT_BUNDLE_IDENTIFIER = com.tradelens.TradeLensTests;
				PRODUCT_NAME = "$(TARGET_NAME)";
				SWIFT_STRICT_CONCURRENCY = complete;
				SWIFT_VERSION = 5.0;
				TARGETED_DEVICE_FAMILY = "1,2";
				TEST_HOST = "$(BUILT_PRODUCTS_DIR)/TradeLens.app/TradeLens";
			};
			name = Release;
		};
/* End XCBuildConfiguration section */

/* Begin XCConfigurationList section */
		TL034 /* Build configuration list for PBXProject "TradeLens" */ = {
			isa = XCConfigurationList;
			buildConfigurations = (
				TL035 /* Debug */,
				TL036 /* Release */,
			);
			defaultConfigurationIsVisible = 0;
			defaultConfigurationName = Release;
		};
		TL030 /* Build configuration list for PBXNativeTarget "TradeLens" */ = {
			isa = XCConfigurationList;
			buildConfigurations = (
				TL037 /* Debug */,
				TL038 /* Release */,
			);
			defaultConfigurationIsVisible = 0;
			defaultConfigurationName = Release;
		};
		TL112 /* Build configuration list for PBXNativeTarget "TradeLensTests" */ = {
			isa = XCConfigurationList;
			buildConfigurations = (
				TL113 /* Debug */,
				TL114 /* Release */,
			);
			defaultConfigurationIsVisible = 0;
			defaultConfigurationName = Release;
		};
/* End XCConfigurationList section */
	};
	rootObject = TL033 /* Project object */;
}
